
Microsoft Visual Studio Solution File, Format Version 12.00
# Visual Studio Version 17
VisualStudioVersion = 17.9.34616.47
MinimumVisualStudioVersion = 10.0.40219.1
Project("{2150E333-8FDC-42A3-9474-1A3956D46DE8}") = "Services", "Services", "{FF2DD1EE-F6A0-40D6-9B83-961BF54F04DB}"
EndProject
Project("{2150E333-8FDC-42A3-9474-1A3956D46DE8}") = "Orchestration", "Orchestration", "{0BDA1272-8AA4-4540-8002-B10681B8D205}"
EndProject
Project("{9A19103F-16F7-4668-BE54-9A1E7A4F7556}") = "Aspire.AppHost", "Aspire\Aspire.AppHost\Aspire.AppHost.csproj", "{36B08A01-B01E-4299-894A-7E0C34A41A67}"
EndProject
Project("{9A19103F-16F7-4668-BE54-9A1E7A4F7556}") = "Aspire.ServiceDefaults", "Aspire\Aspire.ServiceDefaults\Aspire.ServiceDefaults.csproj", "{7A447ECB-114C-40C4-8D2B-393655879722}"
EndProject
Project("{2150E333-8FDC-42A3-9474-1A3956D46DE8}") = "Base", "Base", "{7057F364-BA36-4845-AED3-0422A10F349E}"
EndProject
Project("{9A19103F-16F7-4668-BE54-9A1E7A4F7556}") = "Base", "Base\Base\Base.csproj", "{263FB85C-FF1B-4766-A186-5AFD0AD027CE}"
EndProject
Project("{2150E333-8FDC-42A3-9474-1A3956D46DE8}") = "Shared", "Shared", "{BE8F27BD-6C98-4873-8D6E-A2B19E87CB84}"
EndProject
Project("{9A19103F-16F7-4668-BE54-9A1E7A4F7556}") = "Shared", "Shared\Shared\Shared.csproj", "{503D54C8-3268-4476-AA03-3136DB3082E9}"
EndProject
Project("{2150E333-8FDC-42A3-9474-1A3956D46DE8}") = "User", "User", "{8D2DD0ED-55F9-46D2-90D7-9F34BEF40C7E}"
EndProject
Project("{9A19103F-16F7-4668-BE54-9A1E7A4F7556}") = "User.Api", "Services\User\User.Api\User.Api.csproj", "{BD3D87A8-8C4D-48A3-8D7C-DFD0D5F92BE6}"
EndProject
Project("{9A19103F-16F7-4668-BE54-9A1E7A4F7556}") = "User.Application", "Services\User\User.Application\User.Application.csproj", "{F256C469-2765-4CE4-BC1A-67799C587D45}"
EndProject
Project("{9A19103F-16F7-4668-BE54-9A1E7A4F7556}") = "User.Domain", "Services\User\User.Domain\User.Domain.csproj", "{F43852EE-FA7D-4B17-873B-C4F8CED5D9CE}"
EndProject
Project("{9A19103F-16F7-4668-BE54-9A1E7A4F7556}") = "User.Infrastructure", "Services\User\User.Infrastructure\User.Infrastructure.csproj", "{C946D53F-6EA3-4641-850A-16EE60378F4F}"
EndProject
Project("{2150E333-8FDC-42A3-9474-1A3956D46DE8}") = "Chat", "Chat", "{485C0DC6-7458-EEEB-F70B-64825C3A2FAC}"
EndProject
Project("{FAE04EC0-301F-11D3-BF4B-00C04F79EFBC}") = "Chat.Api", "Services\Chat\Chat.Api\Chat.Api.csproj", "{3CA44095-0CD1-4547-80B6-43E23F9E6CC2}"
EndProject
Project("{FAE04EC0-301F-11D3-BF4B-00C04F79EFBC}") = "Chat.Application", "Services\Chat\Chat.Application\Chat.Application.csproj", "{DDA0B38B-00D9-4FCB-ADB7-DADB52FD31F0}"
EndProject
Project("{FAE04EC0-301F-11D3-BF4B-00C04F79EFBC}") = "Chat.Domain", "Services\Chat\Chat.Domain\Chat.Domain.csproj", "{C86CA324-4CD5-4231-862C-85E97EC1F7D6}"
EndProject
Project("{FAE04EC0-301F-11D3-BF4B-00C04F79EFBC}") = "Chat.Infrastructure", "Services\Chat\Chat.Infrastructure\Chat.Infrastructure.csproj", "{6CA2E0A1-E5F9-4541-B304-71234BC65535}"
EndProject
Project("{2150E333-8FDC-42A3-9474-1A3956D46DE8}") = "Presence", "Presence", "{7825DFEC-084E-0768-88E5-89534C79B357}"
EndProject
Project("{FAE04EC0-301F-11D3-BF4B-00C04F79EFBC}") = "Presence.Api", "Services\Presence\Presence.Api\Presence.Api.csproj", "{CE467F3D-AC07-484D-9357-A2DF112C6161}"
EndProject
Project("{2150E333-8FDC-42A3-9474-1A3956D46DE8}") = "Webhook", "Webhook", "{081AF8A4-BB6E-08AF-DC25-C348B4C0C04A}"
EndProject
Project("{FAE04EC0-301F-11D3-BF4B-00C04F79EFBC}") = "Webhook.Api", "Services\Webhook\Webhook.Api\Webhook.Api.csproj", "{9D3CED11-831F-43F2-88A4-A1F4B57AD59E}"
EndProject
Project("{2150E333-8FDC-42A3-9474-1A3956D46DE8}") = "Archive", "Archive", "{A83D02A5-557C-BF3C-8AE8-10F3BEC585C2}"
EndProject
Project("{FAE04EC0-301F-11D3-BF4B-00C04F79EFBC}") = "Archive.Api", "Services\Archive\Archive.Api\Archive.Api.csproj", "{187CC517-6917-4028-A9D7-324E4460BA28}"
EndProject
Project("{2150E333-8FDC-42A3-9474-1A3956D46DE8}") = "UI", "UI", "{FA674B5A-3394-926C-2B1E-70E5B00E4A5C}"
EndProject
Project("{FAE04EC0-301F-11D3-BF4B-00C04F79EFBC}") = "ChatUI", "UI\ChatUI\ChatUI.csproj", "{71156BC2-609D-4C9F-A080-B2DE64AE489E}"
EndProject
Global
	GlobalSection(SolutionConfigurationPlatforms) = preSolution
		Debug|Any CPU = Debug|Any CPU
		Debug|x64 = Debug|x64
		Debug|x86 = Debug|x86
		Release|Any CPU = Release|Any CPU
		Release|x64 = Release|x64
		Release|x86 = Release|x86
	EndGlobalSection
	GlobalSection(ProjectConfigurationPlatforms) = postSolution
		{36B08A01-B01E-4299-894A-7E0C34A41A67}.Debug|Any CPU.ActiveCfg = Debug|Any CPU
		{36B08A01-B01E-4299-894A-7E0C34A41A67}.Debug|Any CPU.Build.0 = Debug|Any CPU
		{36B08A01-B01E-4299-894A-7E0C34A41A67}.Debug|x64.ActiveCfg = Debug|Any CPU
		{36B08A01-B01E-4299-894A-7E0C34A41A67}.Debug|x64.Build.0 = Debug|Any CPU
		{36B08A01-B01E-4299-894A-7E0C34A41A67}.Debug|x86.ActiveCfg = Debug|Any CPU
		{36B08A01-B01E-4299-894A-7E0C34A41A67}.Debug|x86.Build.0 = Debug|Any CPU
		{36B08A01-B01E-4299-894A-7E0C34A41A67}.Release|Any CPU.ActiveCfg = Release|Any CPU
		{36B08A01-B01E-4299-894A-7E0C34A41A67}.Release|Any CPU.Build.0 = Release|Any CPU
		{36B08A01-B01E-4299-894A-7E0C34A41A67}.Release|x64.ActiveCfg = Release|Any CPU
		{36B08A01-B01E-4299-894A-7E0C34A41A67}.Release|x64.Build.0 = Release|Any CPU
		{36B08A01-B01E-4299-894A-7E0C34A41A67}.Release|x86.ActiveCfg = Release|Any CPU
		{36B08A01-B01E-4299-894A-7E0C34A41A67}.Release|x86.Build.0 = Release|Any CPU
		{7A447ECB-114C-40C4-8D2B-393655879722}.Debug|Any CPU.ActiveCfg = Debug|Any CPU
		{7A447ECB-114C-40C4-8D2B-393655879722}.Debug|Any CPU.Build.0 = Debug|Any CPU
		{7A447ECB-114C-40C4-8D2B-393655879722}.Debug|x64.ActiveCfg = Debug|Any CPU
		{7A447ECB-114C-40C4-8D2B-393655879722}.Debug|x64.Build.0 = Debug|Any CPU
		{7A447ECB-114C-40C4-8D2B-393655879722}.Debug|x86.ActiveCfg = Debug|Any CPU
		{7A447ECB-114C-40C4-8D2B-393655879722}.Debug|x86.Build.0 = Debug|Any CPU
		{7A447ECB-114C-40C4-8D2B-393655879722}.Release|Any CPU.ActiveCfg = Release|Any CPU
		{7A447ECB-114C-40C4-8D2B-393655879722}.Release|Any CPU.Build.0 = Release|Any CPU
		{7A447ECB-114C-40C4-8D2B-393655879722}.Release|x64.ActiveCfg = Release|Any CPU
		{7A447ECB-114C-40C4-8D2B-393655879722}.Release|x64.Build.0 = Release|Any CPU
		{7A447ECB-114C-40C4-8D2B-393655879722}.Release|x86.ActiveCfg = Release|Any CPU
		{7A447ECB-114C-40C4-8D2B-393655879722}.Release|x86.Build.0 = Release|Any CPU
		{263FB85C-FF1B-4766-A186-5AFD0AD027CE}.Debug|Any CPU.ActiveCfg = Debug|Any CPU
		{263FB85C-FF1B-4766-A186-5AFD0AD027CE}.Debug|Any CPU.Build.0 = Debug|Any CPU
		{263FB85C-FF1B-4766-A186-5AFD0AD027CE}.Debug|x64.ActiveCfg = Debug|Any CPU
		{263FB85C-FF1B-4766-A186-5AFD0AD027CE}.Debug|x64.Build.0 = Debug|Any CPU
		{263FB85C-FF1B-4766-A186-5AFD0AD027CE}.Debug|x86.ActiveCfg = Debug|Any CPU
		{263FB85C-FF1B-4766-A186-5AFD0AD027CE}.Debug|x86.Build.0 = Debug|Any CPU
		{263FB85C-FF1B-4766-A186-5AFD0AD027CE}.Release|Any CPU.ActiveCfg = Release|Any CPU
		{263FB85C-FF1B-4766-A186-5AFD0AD027CE}.Release|Any CPU.Build.0 = Release|Any CPU
		{263FB85C-FF1B-4766-A186-5AFD0AD027CE}.Release|x64.ActiveCfg = Release|Any CPU
		{263FB85C-FF1B-4766-A186-5AFD0AD027CE}.Release|x64.Build.0 = Release|Any CPU
		{263FB85C-FF1B-4766-A186-5AFD0AD027CE}.Release|x86.ActiveCfg = Release|Any CPU
		{263FB85C-FF1B-4766-A186-5AFD0AD027CE}.Release|x86.Build.0 = Release|Any CPU
		{503D54C8-3268-4476-AA03-3136DB3082E9}.Debug|Any CPU.ActiveCfg = Debug|Any CPU
		{503D54C8-3268-4476-AA03-3136DB3082E9}.Debug|Any CPU.Build.0 = Debug|Any CPU
		{503D54C8-3268-4476-AA03-3136DB3082E9}.Debug|x64.ActiveCfg = Debug|Any CPU
		{503D54C8-3268-4476-AA03-3136DB3082E9}.Debug|x64.Build.0 = Debug|Any CPU
		{503D54C8-3268-4476-AA03-3136DB3082E9}.Debug|x86.ActiveCfg = Debug|Any CPU
		{503D54C8-3268-4476-AA03-3136DB3082E9}.Debug|x86.Build.0 = Debug|Any CPU
		{503D54C8-3268-4476-AA03-3136DB3082E9}.Release|Any CPU.ActiveCfg = Release|Any CPU
		{503D54C8-3268-4476-AA03-3136DB3082E9}.Release|Any CPU.Build.0 = Release|Any CPU
		{503D54C8-3268-4476-AA03-3136DB3082E9}.Release|x64.ActiveCfg = Release|Any CPU
		{503D54C8-3268-4476-AA03-3136DB3082E9}.Release|x64.Build.0 = Release|Any CPU
		{503D54C8-3268-4476-AA03-3136DB3082E9}.Release|x86.ActiveCfg = Release|Any CPU
		{503D54C8-3268-4476-AA03-3136DB3082E9}.Release|x86.Build.0 = Release|Any CPU
		{BD3D87A8-8C4D-48A3-8D7C-DFD0D5F92BE6}.Debug|Any CPU.ActiveCfg = Debug|Any CPU
		{BD3D87A8-8C4D-48A3-8D7C-DFD0D5F92BE6}.Debug|Any CPU.Build.0 = Debug|Any CPU
		{BD3D87A8-8C4D-48A3-8D7C-DFD0D5F92BE6}.Debug|x64.ActiveCfg = Debug|Any CPU
		{BD3D87A8-8C4D-48A3-8D7C-DFD0D5F92BE6}.Debug|x64.Build.0 = Debug|Any CPU
		{BD3D87A8-8C4D-48A3-8D7C-DFD0D5F92BE6}.Debug|x86.ActiveCfg = Debug|Any CPU
		{BD3D87A8-8C4D-48A3-8D7C-DFD0D5F92BE6}.Debug|x86.Build.0 = Debug|Any CPU
		{BD3D87A8-8C4D-48A3-8D7C-DFD0D5F92BE6}.Release|Any CPU.ActiveCfg = Release|Any CPU
		{BD3D87A8-8C4D-48A3-8D7C-DFD0D5F92BE6}.Release|Any CPU.Build.0 = Release|Any CPU
		{BD3D87A8-8C4D-48A3-8D7C-DFD0D5F92BE6}.Release|x64.ActiveCfg = Release|Any CPU
		{BD3D87A8-8C4D-48A3-8D7C-DFD0D5F92BE6}.Release|x64.Build.0 = Release|Any CPU
		{BD3D87A8-8C4D-48A3-8D7C-DFD0D5F92BE6}.Release|x86.ActiveCfg = Release|Any CPU
		{BD3D87A8-8C4D-48A3-8D7C-DFD0D5F92BE6}.Release|x86.Build.0 = Release|Any CPU
		{F256C469-2765-4CE4-BC1A-67799C587D45}.Debug|Any CPU.ActiveCfg = Debug|Any CPU
		{F256C469-2765-4CE4-BC1A-67799C587D45}.Debug|Any CPU.Build.0 = Debug|Any CPU
		{F256C469-2765-4CE4-BC1A-67799C587D45}.Debug|x64.ActiveCfg = Debug|Any CPU
		{F256C469-2765-4CE4-BC1A-67799C587D45}.Debug|x64.Build.0 = Debug|Any CPU
		{F256C469-2765-4CE4-BC1A-67799C587D45}.Debug|x86.ActiveCfg = Debug|Any CPU
		{F256C469-2765-4CE4-BC1A-67799C587D45}.Debug|x86.Build.0 = Debug|Any CPU
		{F256C469-2765-4CE4-BC1A-67799C587D45}.Release|Any CPU.ActiveCfg = Release|Any CPU
		{F256C469-2765-4CE4-BC1A-67799C587D45}.Release|Any CPU.Build.0 = Release|Any CPU
		{F256C469-2765-4CE4-BC1A-67799C587D45}.Release|x64.ActiveCfg = Release|Any CPU
		{F256C469-2765-4CE4-BC1A-67799C587D45}.Release|x64.Build.0 = Release|Any CPU
		{F256C469-2765-4CE4-BC1A-67799C587D45}.Release|x86.ActiveCfg = Release|Any CPU
		{F256C469-2765-4CE4-BC1A-67799C587D45}.Release|x86.Build.0 = Release|Any CPU
		{F43852EE-FA7D-4B17-873B-C4F8CED5D9CE}.Debug|Any CPU.ActiveCfg = Debug|Any CPU
		{F43852EE-FA7D-4B17-873B-C4F8CED5D9CE}.Debug|Any CPU.Build.0 = Debug|Any CPU
		{F43852EE-FA7D-4B17-873B-C4F8CED5D9CE}.Debug|x64.ActiveCfg = Debug|Any CPU
		{F43852EE-FA7D-4B17-873B-C4F8CED5D9CE}.Debug|x64.Build.0 = Debug|Any CPU
		{F43852EE-FA7D-4B17-873B-C4F8CED5D9CE}.Debug|x86.ActiveCfg = Debug|Any CPU
		{F43852EE-FA7D-4B17-873B-C4F8CED5D9CE}.Debug|x86.Build.0 = Debug|Any CPU
		{F43852EE-FA7D-4B17-873B-C4F8CED5D9CE}.Release|Any CPU.ActiveCfg = Release|Any CPU
		{F43852EE-FA7D-4B17-873B-C4F8CED5D9CE}.Release|Any CPU.Build.0 = Release|Any CPU
		{F43852EE-FA7D-4B17-873B-C4F8CED5D9CE}.Release|x64.ActiveCfg = Release|Any CPU
		{F43852EE-FA7D-4B17-873B-C4F8CED5D9CE}.Release|x64.Build.0 = Release|Any CPU
		{F43852EE-FA7D-4B17-873B-C4F8CED5D9CE}.Release|x86.ActiveCfg = Release|Any CPU
		{F43852EE-FA7D-4B17-873B-C4F8CED5D9CE}.Release|x86.Build.0 = Release|Any CPU
		{C946D53F-6EA3-4641-850A-16EE60378F4F}.Debug|Any CPU.ActiveCfg = Debug|Any CPU
		{C946D53F-6EA3-4641-850A-16EE60378F4F}.Debug|Any CPU.Build.0 = Debug|Any CPU
		{C946D53F-6EA3-4641-850A-16EE60378F4F}.Debug|x64.ActiveCfg = Debug|Any CPU
		{C946D53F-6EA3-4641-850A-16EE60378F4F}.Debug|x64.Build.0 = Debug|Any CPU
		{C946D53F-6EA3-4641-850A-16EE60378F4F}.Debug|x86.ActiveCfg = Debug|Any CPU
		{C946D53F-6EA3-4641-850A-16EE60378F4F}.Debug|x86.Build.0 = Debug|Any CPU
		{C946D53F-6EA3-4641-850A-16EE60378F4F}.Release|Any CPU.ActiveCfg = Release|Any CPU
		{C946D53F-6EA3-4641-850A-16EE60378F4F}.Release|Any CPU.Build.0 = Release|Any CPU
		{C946D53F-6EA3-4641-850A-16EE60378F4F}.Release|x64.ActiveCfg = Release|Any CPU
		{C946D53F-6EA3-4641-850A-16EE60378F4F}.Release|x64.Build.0 = Release|Any CPU
		{C946D53F-6EA3-4641-850A-16EE60378F4F}.Release|x86.ActiveCfg = Release|Any CPU
		{C946D53F-6EA3-4641-850A-16EE60378F4F}.Release|x86.Build.0 = Release|Any CPU
		{3CA44095-0CD1-4547-80B6-43E23F9E6CC2}.Debug|Any CPU.ActiveCfg = Debug|Any CPU
		{3CA44095-0CD1-4547-80B6-43E23F9E6CC2}.Debug|Any CPU.Build.0 = Debug|Any CPU
		{3CA44095-0CD1-4547-80B6-43E23F9E6CC2}.Debug|x64.ActiveCfg = Debug|Any CPU
		{3CA44095-0CD1-4547-80B6-43E23F9E6CC2}.Debug|x64.Build.0 = Debug|Any CPU
		{3CA44095-0CD1-4547-80B6-43E23F9E6CC2}.Debug|x86.ActiveCfg = Debug|Any CPU
		{3CA44095-0CD1-4547-80B6-43E23F9E6CC2}.Debug|x86.Build.0 = Debug|Any CPU
		{3CA44095-0CD1-4547-80B6-43E23F9E6CC2}.Release|Any CPU.ActiveCfg = Release|Any CPU
		{3CA44095-0CD1-4547-80B6-43E23F9E6CC2}.Release|Any CPU.Build.0 = Release|Any CPU
		{3CA44095-0CD1-4547-80B6-43E23F9E6CC2}.Release|x64.ActiveCfg = Release|Any CPU
		{3CA44095-0CD1-4547-80B6-43E23F9E6CC2}.Release|x64.Build.0 = Release|Any CPU
		{3CA44095-0CD1-4547-80B6-43E23F9E6CC2}.Release|x86.ActiveCfg = Release|Any CPU
		{3CA44095-0CD1-4547-80B6-43E23F9E6CC2}.Release|x86.Build.0 = Release|Any CPU
		{DDA0B38B-00D9-4FCB-ADB7-DADB52FD31F0}.Debug|Any CPU.ActiveCfg = Debug|Any CPU
		{DDA0B38B-00D9-4FCB-ADB7-DADB52FD31F0}.Debug|Any CPU.Build.0 = Debug|Any CPU
		{DDA0B38B-00D9-4FCB-ADB7-DADB52FD31F0}.Debug|x64.ActiveCfg = Debug|Any CPU
		{DDA0B38B-00D9-4FCB-ADB7-DADB52FD31F0}.Debug|x64.Build.0 = Debug|Any CPU
		{DDA0B38B-00D9-4FCB-ADB7-DADB52FD31F0}.Debug|x86.ActiveCfg = Debug|Any CPU
		{DDA0B38B-00D9-4FCB-ADB7-DADB52FD31F0}.Debug|x86.Build.0 = Debug|Any CPU
		{DDA0B38B-00D9-4FCB-ADB7-DADB52FD31F0}.Release|Any CPU.ActiveCfg = Release|Any CPU
		{DDA0B38B-00D9-4FCB-ADB7-DADB52FD31F0}.Release|Any CPU.Build.0 = Release|Any CPU
		{DDA0B38B-00D9-4FCB-ADB7-DADB52FD31F0}.Release|x64.ActiveCfg = Release|Any CPU
		{DDA0B38B-00D9-4FCB-ADB7-DADB52FD31F0}.Release|x64.Build.0 = Release|Any CPU
		{DDA0B38B-00D9-4FCB-ADB7-DADB52FD31F0}.Release|x86.ActiveCfg = Release|Any CPU
		{DDA0B38B-00D9-4FCB-ADB7-DADB52FD31F0}.Release|x86.Build.0 = Release|Any CPU
		{C86CA324-4CD5-4231-862C-85E97EC1F7D6}.Debug|Any CPU.ActiveCfg = Debug|Any CPU
		{C86CA324-4CD5-4231-862C-85E97EC1F7D6}.Debug|Any CPU.Build.0 = Debug|Any CPU
		{C86CA324-4CD5-4231-862C-85E97EC1F7D6}.Debug|x64.ActiveCfg = Debug|Any CPU
		{C86CA324-4CD5-4231-862C-85E97EC1F7D6}.Debug|x64.Build.0 = Debug|Any CPU
		{C86CA324-4CD5-4231-862C-85E97EC1F7D6}.Debug|x86.ActiveCfg = Debug|Any CPU
		{C86CA324-4CD5-4231-862C-85E97EC1F7D6}.Debug|x86.Build.0 = Debug|Any CPU
		{C86CA324-4CD5-4231-862C-85E97EC1F7D6}.Release|Any CPU.ActiveCfg = Release|Any CPU
		{C86CA324-4CD5-4231-862C-85E97EC1F7D6}.Release|Any CPU.Build.0 = Release|Any CPU
		{C86CA324-4CD5-4231-862C-85E97EC1F7D6}.Release|x64.ActiveCfg = Release|Any CPU
		{C86CA324-4CD5-4231-862C-85E97EC1F7D6}.Release|x64.Build.0 = Release|Any CPU
		{C86CA324-4CD5-4231-862C-85E97EC1F7D6}.Release|x86.ActiveCfg = Release|Any CPU
		{C86CA324-4CD5-4231-862C-85E97EC1F7D6}.Release|x86.Build.0 = Release|Any CPU
		{6CA2E0A1-E5F9-4541-B304-71234BC65535}.Debug|Any CPU.ActiveCfg = Debug|Any CPU
		{6CA2E0A1-E5F9-4541-B304-71234BC65535}.Debug|Any CPU.Build.0 = Debug|Any CPU
		{6CA2E0A1-E5F9-4541-B304-71234BC65535}.Debug|x64.ActiveCfg = Debug|Any CPU
		{6CA2E0A1-E5F9-4541-B304-71234BC65535}.Debug|x64.Build.0 = Debug|Any CPU
		{6CA2E0A1-E5F9-4541-B304-71234BC65535}.Debug|x86.ActiveCfg = Debug|Any CPU
		{6CA2E0A1-E5F9-4541-B304-71234BC65535}.Debug|x86.Build.0 = Debug|Any CPU
		{6CA2E0A1-E5F9-4541-B304-71234BC65535}.Release|Any CPU.ActiveCfg = Release|Any CPU
		{6CA2E0A1-E5F9-4541-B304-71234BC65535}.Release|Any CPU.Build.0 = Release|Any CPU
		{6CA2E0A1-E5F9-4541-B304-71234BC65535}.Release|x64.ActiveCfg = Release|Any CPU
		{6CA2E0A1-E5F9-4541-B304-71234BC65535}.Release|x64.Build.0 = Release|Any CPU
		{6CA2E0A1-E5F9-4541-B304-71234BC65535}.Release|x86.ActiveCfg = Release|Any CPU
		{6CA2E0A1-E5F9-4541-B304-71234BC65535}.Release|x86.Build.0 = Release|Any CPU
		{CE467F3D-AC07-484D-9357-A2DF112C6161}.Debug|Any CPU.ActiveCfg = Debug|Any CPU
		{CE467F3D-AC07-484D-9357-A2DF112C6161}.Debug|Any CPU.Build.0 = Debug|Any CPU
		{CE467F3D-AC07-484D-9357-A2DF112C6161}.Debug|x64.ActiveCfg = Debug|Any CPU
		{CE467F3D-AC07-484D-9357-A2DF112C6161}.Debug|x64.Build.0 = Debug|Any CPU
		{CE467F3D-AC07-484D-9357-A2DF112C6161}.Debug|x86.ActiveCfg = Debug|Any CPU
		{CE467F3D-AC07-484D-9357-A2DF112C6161}.Debug|x86.Build.0 = Debug|Any CPU
		{CE467F3D-AC07-484D-9357-A2DF112C6161}.Release|Any CPU.ActiveCfg = Release|Any CPU
		{CE467F3D-AC07-484D-9357-A2DF112C6161}.Release|Any CPU.Build.0 = Release|Any CPU
		{CE467F3D-AC07-484D-9357-A2DF112C6161}.Release|x64.ActiveCfg = Release|Any CPU
		{CE467F3D-AC07-484D-9357-A2DF112C6161}.Release|x64.Build.0 = Release|Any CPU
		{CE467F3D-AC07-484D-9357-A2DF112C6161}.Release|x86.ActiveCfg = Release|Any CPU
		{CE467F3D-AC07-484D-9357-A2DF112C6161}.Release|x86.Build.0 = Release|Any CPU
		{9D3CED11-831F-43F2-88A4-A1F4B57AD59E}.Debug|Any CPU.ActiveCfg = Debug|Any CPU
		{9D3CED11-831F-43F2-88A4-A1F4B57AD59E}.Debug|Any CPU.Build.0 = Debug|Any CPU
		{9D3CED11-831F-43F2-88A4-A1F4B57AD59E}.Debug|x64.ActiveCfg = Debug|Any CPU
		{9D3CED11-831F-43F2-88A4-A1F4B57AD59E}.Debug|x64.Build.0 = Debug|Any CPU
		{9D3CED11-831F-43F2-88A4-A1F4B57AD59E}.Debug|x86.ActiveCfg = Debug|Any CPU
		{9D3CED11-831F-43F2-88A4-A1F4B57AD59E}.Debug|x86.Build.0 = Debug|Any CPU
		{9D3CED11-831F-43F2-88A4-A1F4B57AD59E}.Release|Any CPU.ActiveCfg = Release|Any CPU
		{9D3CED11-831F-43F2-88A4-A1F4B57AD59E}.Release|Any CPU.Build.0 = Release|Any CPU
		{9D3CED11-831F-43F2-88A4-A1F4B57AD59E}.Release|x64.ActiveCfg = Release|Any CPU
		{9D3CED11-831F-43F2-88A4-A1F4B57AD59E}.Release|x64.Build.0 = Release|Any CPU
		{9D3CED11-831F-43F2-88A4-A1F4B57AD59E}.Release|x86.ActiveCfg = Release|Any CPU
		{9D3CED11-831F-43F2-88A4-A1F4B57AD59E}.Release|x86.Build.0 = Release|Any CPU
		{187CC517-6917-4028-A9D7-324E4460BA28}.Debug|Any CPU.ActiveCfg = Debug|Any CPU
		{187CC517-6917-4028-A9D7-324E4460BA28}.Debug|Any CPU.Build.0 = Debug|Any CPU
		{187CC517-6917-4028-A9D7-324E4460BA28}.Debug|x64.ActiveCfg = Debug|Any CPU
		{187CC517-6917-4028-A9D7-324E4460BA28}.Debug|x64.Build.0 = Debug|Any CPU
		{187CC517-6917-4028-A9D7-324E4460BA28}.Debug|x86.ActiveCfg = Debug|Any CPU
		{187CC517-6917-4028-A9D7-324E4460BA28}.Debug|x86.Build.0 = Debug|Any CPU
		{187CC517-6917-4028-A9D7-324E4460BA28}.Release|Any CPU.ActiveCfg = Release|Any CPU
		{187CC517-6917-4028-A9D7-324E4460BA28}.Release|Any CPU.Build.0 = Release|Any CPU
		{187CC517-6917-4028-A9D7-324E4460BA28}.Release|x64.ActiveCfg = Release|Any CPU
		{187CC517-6917-4028-A9D7-324E4460BA28}.Release|x64.Build.0 = Release|Any CPU
		{187CC517-6917-4028-A9D7-324E4460BA28}.Release|x86.ActiveCfg = Release|Any CPU
		{187CC517-6917-4028-A9D7-324E4460BA28}.Release|x86.Build.0 = Release|Any CPU
		{71156BC2-609D-4C9F-A080-B2DE64AE489E}.Debug|Any CPU.ActiveCfg = Debug|Any CPU
		{71156BC2-609D-4C9F-A080-B2DE64AE489E}.Debug|Any CPU.Build.0 = Debug|Any CPU
		{71156BC2-609D-4C9F-A080-B2DE64AE489E}.Debug|x64.ActiveCfg = Debug|Any CPU
		{71156BC2-609D-4C9F-A080-B2DE64AE489E}.Debug|x64.Build.0 = Debug|Any CPU
		{71156BC2-609D-4C9F-A080-B2DE64AE489E}.Debug|x86.ActiveCfg = Debug|Any CPU
		{71156BC2-609D-4C9F-A080-B2DE64AE489E}.Debug|x86.Build.0 = Debug|Any CPU
		{71156BC2-609D-4C9F-A080-B2DE64AE489E}.Release|Any CPU.ActiveCfg = Release|Any CPU
		{71156BC2-609D-4C9F-A080-B2DE64AE489E}.Release|Any CPU.Build.0 = Release|Any CPU
		{71156BC2-609D-4C9F-A080-B2DE64AE489E}.Release|x64.ActiveCfg = Release|Any CPU
		{71156BC2-609D-4C9F-A080-B2DE64AE489E}.Release|x64.Build.0 = Release|Any CPU
		{71156BC2-609D-4C9F-A080-B2DE64AE489E}.Release|x86.ActiveCfg = Release|Any CPU
		{71156BC2-609D-4C9F-A080-B2DE64AE489E}.Release|x86.Build.0 = Release|Any CPU
	EndGlobalSection
	GlobalSection(SolutionProperties) = preSolution
		HideSolutionNode = FALSE
	EndGlobalSection
	GlobalSection(NestedProjects) = preSolution
		{36B08A01-B01E-4299-894A-7E0C34A41A67} = {0BDA1272-8AA4-4540-8002-B10681B8D205}
		{7A447ECB-114C-40C4-8D2B-393655879722} = {0BDA1272-8AA4-4540-8002-B10681B8D205}
		{263FB85C-FF1B-4766-A186-5AFD0AD027CE} = {7057F364-BA36-4845-AED3-0422A10F349E}
		{503D54C8-3268-4476-AA03-3136DB3082E9} = {BE8F27BD-6C98-4873-8D6E-A2B19E87CB84}
		{8D2DD0ED-55F9-46D2-90D7-9F34BEF40C7E} = {FF2DD1EE-F6A0-40D6-9B83-961BF54F04DB}
		{BD3D87A8-8C4D-48A3-8D7C-DFD0D5F92BE6} = {8D2DD0ED-55F9-46D2-90D7-9F34BEF40C7E}
		{F256C469-2765-4CE4-BC1A-67799C587D45} = {8D2DD0ED-55F9-46D2-90D7-9F34BEF40C7E}
		{F43852EE-FA7D-4B17-873B-C4F8CED5D9CE} = {8D2DD0ED-55F9-46D2-90D7-9F34BEF40C7E}
		{C946D53F-6EA3-4641-850A-16EE60378F4F} = {8D2DD0ED-55F9-46D2-90D7-9F34BEF40C7E}
		{485C0DC6-7458-EEEB-F70B-64825C3A2FAC} = {FF2DD1EE-F6A0-40D6-9B83-961BF54F04DB}
		{3CA44095-0CD1-4547-80B6-43E23F9E6CC2} = {485C0DC6-7458-EEEB-F70B-64825C3A2FAC}
		{DDA0B38B-00D9-4FCB-ADB7-DADB52FD31F0} = {485C0DC6-7458-EEEB-F70B-64825C3A2FAC}
		{C86CA324-4CD5-4231-862C-85E97EC1F7D6} = {485C0DC6-7458-EEEB-F70B-64825C3A2FAC}
		{6CA2E0A1-E5F9-4541-B304-71234BC65535} = {485C0DC6-7458-EEEB-F70B-64825C3A2FAC}
		{7825DFEC-084E-0768-88E5-89534C79B357} = {FF2DD1EE-F6A0-40D6-9B83-961BF54F04DB}
		{CE467F3D-AC07-484D-9357-A2DF112C6161} = {7825DFEC-084E-0768-88E5-89534C79B357}
		{081AF8A4-BB6E-08AF-DC25-C348B4C0C04A} = {FF2DD1EE-F6A0-40D6-9B83-961BF54F04DB}
		{9D3CED11-831F-43F2-88A4-A1F4B57AD59E} = {081AF8A4-BB6E-08AF-DC25-C348B4C0C04A}
		{A83D02A5-557C-BF3C-8AE8-10F3BEC585C2} = {FF2DD1EE-F6A0-40D6-9B83-961BF54F04DB}
		{187CC517-6917-4028-A9D7-324E4460BA28} = {A83D02A5-557C-BF3C-8AE8-10F3BEC585C2}
		{71156BC2-609D-4C9F-A080-B2DE64AE489E} = {FA674B5A-3394-926C-2B1E-70E5B00E4A5C}
	EndGlobalSection
	GlobalSection(ExtensibilityGlobals) = postSolution
		SolutionGuid = {8E3165F4-BAA9-4017-846A-1AF979D571C1}
	EndGlobalSection
EndGlobal
