
Microsoft Visual Studio Solution File, Format Version 12.00
# Visual Studio Version 17
VisualStudioVersion = 17.9.34616.47
MinimumVisualStudioVersion = 10.0.40219.1
Project("{2150E333-8FDC-42A3-9474-1A3956D46DE8}") = "Services", "Services", "{FF2DD1EE-F6A0-40D6-9B83-961BF54F04DB}"
EndProject
Project("{2150E333-8FDC-42A3-9474-1A3956D46DE8}") = "Orchestration", "Orchestration", "{0BDA1272-8AA4-4540-8002-B10681B8D205}"
EndProject
Project("{9A19103F-16F7-4668-BE54-9A1E7A4F7556}") = "Aspire.AppHost", "Aspire\Aspire.AppHost\Aspire.AppHost.csproj", "{36B08A01-B01E-4299-894A-7E0C34A41A67}"
EndProject
Project("{9A19103F-16F7-4668-BE54-9A1E7A4F7556}") = "Aspire.ServiceDefaults", "Aspire\Aspire.ServiceDefaults\Aspire.ServiceDefaults.csproj", "{7A447ECB-114C-40C4-8D2B-393655879722}"
EndProject
Project("{2150E333-8FDC-42A3-9474-1A3956D46DE8}") = "Base", "Base", "{7057F364-BA36-4845-AED3-0422A10F349E}"
EndProject
Project("{FAE04EC0-301F-11D3-BF4B-00C04F79EFBC}") = "Base", "Base\Base\Base.csproj", "{263FB85C-FF1B-4766-A186-5AFD0AD027CE}"
EndProject
Project("{2150E333-8FDC-42A3-9474-1A3956D46DE8}") = "Shared", "Shared", "{BE8F27BD-6C98-4873-8D6E-A2B19E87CB84}"
EndProject
Project("{FAE04EC0-301F-11D3-BF4B-00C04F79EFBC}") = "Shared", "Shared\Shared\Shared.csproj", "{503D54C8-3268-4476-AA03-3136DB3082E9}"
EndProject
Project("{2150E333-8FDC-42A3-9474-1A3956D46DE8}") = "User", "User", "{8D2DD0ED-55F9-46D2-90D7-9F34BEF40C7E}"
EndProject
Project("{9A19103F-16F7-4668-BE54-9A1E7A4F7556}") = "User.Api", "Services\User\User.Api\User.Api.csproj", "{BD3D87A8-8C4D-48A3-8D7C-DFD0D5F92BE6}"
EndProject
Project("{FAE04EC0-301F-11D3-BF4B-00C04F79EFBC}") = "User.Application", "Services\User\User.Application\User.Application.csproj", "{F256C469-2765-4CE4-BC1A-67799C587D45}"
EndProject
Project("{FAE04EC0-301F-11D3-BF4B-00C04F79EFBC}") = "User.Infrastructure", "User.Infrastructure\User.Infrastructure.csproj", "{42A586D4-775A-4BBA-AC3D-35EB15AACDF1}"
EndProject
Project("{FAE04EC0-301F-11D3-BF4B-00C04F79EFBC}") = "User.Domain", "User.Domain\User.Domain.csproj", "{5D0A7197-B3AF-4D4B-B230-8D22DAB7FDF8}"
EndProject
Global
	GlobalSection(SolutionConfigurationPlatforms) = preSolution
		Debug|Any CPU = Debug|Any CPU
		Release|Any CPU = Release|Any CPU
	EndGlobalSection
	GlobalSection(ProjectConfigurationPlatforms) = postSolution
		{36B08A01-B01E-4299-894A-7E0C34A41A67}.Debug|Any CPU.ActiveCfg = Debug|Any CPU
		{36B08A01-B01E-4299-894A-7E0C34A41A67}.Debug|Any CPU.Build.0 = Debug|Any CPU
		{36B08A01-B01E-4299-894A-7E0C34A41A67}.Release|Any CPU.ActiveCfg = Release|Any CPU
		{36B08A01-B01E-4299-894A-7E0C34A41A67}.Release|Any CPU.Build.0 = Release|Any CPU
		{7A447ECB-114C-40C4-8D2B-393655879722}.Debug|Any CPU.ActiveCfg = Debug|Any CPU
		{7A447ECB-114C-40C4-8D2B-393655879722}.Debug|Any CPU.Build.0 = Debug|Any CPU
		{7A447ECB-114C-40C4-8D2B-393655879722}.Release|Any CPU.ActiveCfg = Release|Any CPU
		{7A447ECB-114C-40C4-8D2B-393655879722}.Release|Any CPU.Build.0 = Release|Any CPU
		{263FB85C-FF1B-4766-A186-5AFD0AD027CE}.Debug|Any CPU.ActiveCfg = Debug|Any CPU
		{263FB85C-FF1B-4766-A186-5AFD0AD027CE}.Debug|Any CPU.Build.0 = Debug|Any CPU
		{263FB85C-FF1B-4766-A186-5AFD0AD027CE}.Release|Any CPU.ActiveCfg = Release|Any CPU
		{263FB85C-FF1B-4766-A186-5AFD0AD027CE}.Release|Any CPU.Build.0 = Release|Any CPU
		{503D54C8-3268-4476-AA03-3136DB3082E9}.Debug|Any CPU.ActiveCfg = Debug|Any CPU
		{503D54C8-3268-4476-AA03-3136DB3082E9}.Debug|Any CPU.Build.0 = Debug|Any CPU
		{503D54C8-3268-4476-AA03-3136DB3082E9}.Release|Any CPU.ActiveCfg = Release|Any CPU
		{503D54C8-3268-4476-AA03-3136DB3082E9}.Release|Any CPU.Build.0 = Release|Any CPU
		{BD3D87A8-8C4D-48A3-8D7C-DFD0D5F92BE6}.Debug|Any CPU.ActiveCfg = Debug|Any CPU
		{BD3D87A8-8C4D-48A3-8D7C-DFD0D5F92BE6}.Debug|Any CPU.Build.0 = Debug|Any CPU
		{BD3D87A8-8C4D-48A3-8D7C-DFD0D5F92BE6}.Release|Any CPU.ActiveCfg = Release|Any CPU
		{BD3D87A8-8C4D-48A3-8D7C-DFD0D5F92BE6}.Release|Any CPU.Build.0 = Release|Any CPU
		{F256C469-2765-4CE4-BC1A-67799C587D45}.Debug|Any CPU.ActiveCfg = Debug|Any CPU
		{F256C469-2765-4CE4-BC1A-67799C587D45}.Debug|Any CPU.Build.0 = Debug|Any CPU
		{F256C469-2765-4CE4-BC1A-67799C587D45}.Release|Any CPU.ActiveCfg = Release|Any CPU
		{F256C469-2765-4CE4-BC1A-67799C587D45}.Release|Any CPU.Build.0 = Release|Any CPU
		{42A586D4-775A-4BBA-AC3D-35EB15AACDF1}.Debug|Any CPU.ActiveCfg = Debug|Any CPU
		{42A586D4-775A-4BBA-AC3D-35EB15AACDF1}.Debug|Any CPU.Build.0 = Debug|Any CPU
		{42A586D4-775A-4BBA-AC3D-35EB15AACDF1}.Release|Any CPU.ActiveCfg = Release|Any CPU
		{42A586D4-775A-4BBA-AC3D-35EB15AACDF1}.Release|Any CPU.Build.0 = Release|Any CPU
		{5D0A7197-B3AF-4D4B-B230-8D22DAB7FDF8}.Debug|Any CPU.ActiveCfg = Debug|Any CPU
		{5D0A7197-B3AF-4D4B-B230-8D22DAB7FDF8}.Debug|Any CPU.Build.0 = Debug|Any CPU
		{5D0A7197-B3AF-4D4B-B230-8D22DAB7FDF8}.Release|Any CPU.ActiveCfg = Release|Any CPU
		{5D0A7197-B3AF-4D4B-B230-8D22DAB7FDF8}.Release|Any CPU.Build.0 = Release|Any CPU
	EndGlobalSection
	GlobalSection(SolutionProperties) = preSolution
		HideSolutionNode = FALSE
	EndGlobalSection
	GlobalSection(NestedProjects) = preSolution
		{36B08A01-B01E-4299-894A-7E0C34A41A67} = {0BDA1272-8AA4-4540-8002-B10681B8D205}
		{7A447ECB-114C-40C4-8D2B-393655879722} = {0BDA1272-8AA4-4540-8002-B10681B8D205}
		{263FB85C-FF1B-4766-A186-5AFD0AD027CE} = {7057F364-BA36-4845-AED3-0422A10F349E}
		{503D54C8-3268-4476-AA03-3136DB3082E9} = {BE8F27BD-6C98-4873-8D6E-A2B19E87CB84}
		{8D2DD0ED-55F9-46D2-90D7-9F34BEF40C7E} = {FF2DD1EE-F6A0-40D6-9B83-961BF54F04DB}
		{BD3D87A8-8C4D-48A3-8D7C-DFD0D5F92BE6} = {8D2DD0ED-55F9-46D2-90D7-9F34BEF40C7E}
		{F256C469-2765-4CE4-BC1A-67799C587D45} = {8D2DD0ED-55F9-46D2-90D7-9F34BEF40C7E}
		{42A586D4-775A-4BBA-AC3D-35EB15AACDF1} = {8D2DD0ED-55F9-46D2-90D7-9F34BEF40C7E}
		{5D0A7197-B3AF-4D4B-B230-8D22DAB7FDF8} = {8D2DD0ED-55F9-46D2-90D7-9F34BEF40C7E}
	EndGlobalSection
	GlobalSection(ExtensibilityGlobals) = postSolution
		SolutionGuid = {8E3165F4-BAA9-4017-846A-1AF979D571C1}
	EndGlobalSection
EndGlobal
